
Microsoft Visual Studio Solution File, Format Version 12.00
# Visual Studio Version 17
VisualStudioVersion = 17.0.31903.59
MinimumVisualStudioVersion = 10.0.40219.1
Project("{FAE04EC0-301F-11D3-BF4B-00C04F79EFBC}") = "AdventureWorksLT2019.WebApi", "WebApi\AdventureWorksLT2019.WebApi.csproj", "{747C3DE7-506A-4D25-BD69-B2E1DF0C9CD0}"
EndProject
Project("{FAE04EC0-301F-11D3-BF4B-00C04F79EFBC}") = "AdventureWorksLT2019.Blazor", "Blazor\AdventureWorksLT2019.Blazor.csproj", "{93DC5FF2-A622-4D82-A5F0-7253F816BDB0}"
EndProject
Project("{FAE04EC0-301F-11D3-BF4B-00C04F79EFBC}") = "AdventureWorksLT2019.RazorPage", "RazorPage\AdventureWorksLT2019.RazorPage.csproj", "{D1FA11DA-4ABA-4D27-B9C2-C60E205B3308}"
EndProject
Project("{FAE04EC0-301F-11D3-BF4B-00C04F79EFBC}") = "AdventureWorksLT2019.DbContext", "DbContext\AdventureWorksLT2019.DbContext.csproj", "{D0D3F08A-EC4C-438D-BBAD-FF72DDACA95D}"
EndProject
Project("{FAE04EC0-301F-11D3-BF4B-00C04F79EFBC}") = "AdventureWorksLT2019.MSSqlRepositories", "MSSqlRepositories\AdventureWorksLT2019.MSSqlRepositories.csproj", "{C91C3D75-AC97-44CA-8734-99F85D01CDB7}"
EndProject
Project("{FAE04EC0-301F-11D3-BF4B-00C04F79EFBC}") = "AdventureWorksLT2019.RepositoriesInterfaces", "RepositoriesInterfaces\AdventureWorksLT2019.RepositoriesInterfaces.csproj", "{46C59064-F81F-43B1-90A0-0504B9AD4350}"
EndProject
Project("{FAE04EC0-301F-11D3-BF4B-00C04F79EFBC}") = "AdventureWorksLT2019.Services", "Services\AdventureWorksLT2019.Services.csproj", "{5CCAD3D0-0452-42BE-81BC-81FFA37EB2A7}"
EndProject
Project("{FAE04EC0-301F-11D3-BF4B-00C04F79EFBC}") = "AdventureWorksLT2019.ServiceInterfaces", "ServiceInterfaces\AdventureWorksLT2019.ServiceInterfaces.csproj", "{4BE1F148-4B4E-44BB-A97A-0EEC0537DBFF}"
EndProject
Project("{FAE04EC0-301F-11D3-BF4B-00C04F79EFBC}") = "AdventureWorksLT2019.Models", "Models\AdventureWorksLT2019.Models.csproj", "{8D38F1C1-6FE3-45FF-81AB-60C1F7E855FF}"
EndProject
Project("{FAE04EC0-301F-11D3-BF4B-00C04F79EFBC}") = "AdventureWorksLT2019.Utilities", "Utilities\AdventureWorksLT2019.Utilities.csproj", "{5D7845E6-A751-4313-A2BD-01FBEDDD57E9}"
EndProject
Project("{FAE04EC0-301F-11D3-BF4B-00C04F79EFBC}") = "AdventureWorksLT2019.Shared", "Shared\AdventureWorksLT2019.Shared.csproj", "{7B3FCA0B-D13E-4769-A158-5D44483B751F}"
EndProject
Project("{FAE04EC0-301F-11D3-BF4B-00C04F79EFBC}") = "AdventureWorksLT2019.HttpTriggerFunctions", "HttpTriggerFunctions\AdventureWorksLT2019.HttpTriggerFunctions.csproj", "{789AB6F9-3A4A-4DB8-8A73-AD9EF9A04B52}"
EndProject
Project("{FAE04EC0-301F-11D3-BF4B-00C04F79EFBC}") = "AdventureWorksLT2019.TimerTriggerFunctions", "TimerTriggerFunctions\AdventureWorksLT2019.TimerTriggerFunctions.csproj", "{38F58218-DBC4-420C-AC00-105532508DAA}"
EndProject
Global
	GlobalSection(SolutionConfigurationPlatforms) = preSolution
		Debug|Any CPU = Debug|Any CPU
		Debug|x64 = Debug|x64
		Debug|x86 = Debug|x86
		Release|Any CPU = Release|Any CPU
		Release|x64 = Release|x64
		Release|x86 = Release|x86
	EndGlobalSection
	GlobalSection(ProjectConfigurationPlatforms) = postSolution
		{747C3DE7-506A-4D25-BD69-B2E1DF0C9CD0}.Debug|Any CPU.ActiveCfg = Debug|Any CPU
		{747C3DE7-506A-4D25-BD69-B2E1DF0C9CD0}.Debug|Any CPU.Build.0 = Debug|Any CPU
		{747C3DE7-506A-4D25-BD69-B2E1DF0C9CD0}.Debug|x64.ActiveCfg = Debug|Any CPU
		{747C3DE7-506A-4D25-BD69-B2E1DF0C9CD0}.Debug|x64.Build.0 = Debug|Any CPU
		{747C3DE7-506A-4D25-BD69-B2E1DF0C9CD0}.Debug|x86.ActiveCfg = Debug|Any CPU
		{747C3DE7-506A-4D25-BD69-B2E1DF0C9CD0}.Debug|x86.Build.0 = Debug|Any CPU
		{747C3DE7-506A-4D25-BD69-B2E1DF0C9CD0}.Release|Any CPU.ActiveCfg = Release|Any CPU
		{747C3DE7-506A-4D25-BD69-B2E1DF0C9CD0}.Release|Any CPU.Build.0 = Release|Any CPU
		{747C3DE7-506A-4D25-BD69-B2E1DF0C9CD0}.Release|x64.ActiveCfg = Release|Any CPU
		{747C3DE7-506A-4D25-BD69-B2E1DF0C9CD0}.Release|x64.Build.0 = Release|Any CPU
		{747C3DE7-506A-4D25-BD69-B2E1DF0C9CD0}.Release|x86.ActiveCfg = Release|Any CPU
		{747C3DE7-506A-4D25-BD69-B2E1DF0C9CD0}.Release|x86.Build.0 = Release|Any CPU
		{93DC5FF2-A622-4D82-A5F0-7253F816BDB0}.Debug|Any CPU.ActiveCfg = Debug|Any CPU
		{93DC5FF2-A622-4D82-A5F0-7253F816BDB0}.Debug|Any CPU.Build.0 = Debug|Any CPU
		{93DC5FF2-A622-4D82-A5F0-7253F816BDB0}.Debug|x64.ActiveCfg = Debug|Any CPU
		{93DC5FF2-A622-4D82-A5F0-7253F816BDB0}.Debug|x64.Build.0 = Debug|Any CPU
		{93DC5FF2-A622-4D82-A5F0-7253F816BDB0}.Debug|x86.ActiveCfg = Debug|Any CPU
		{93DC5FF2-A622-4D82-A5F0-7253F816BDB0}.Debug|x86.Build.0 = Debug|Any CPU
		{93DC5FF2-A622-4D82-A5F0-7253F816BDB0}.Release|Any CPU.ActiveCfg = Release|Any CPU
		{93DC5FF2-A622-4D82-A5F0-7253F816BDB0}.Release|Any CPU.Build.0 = Release|Any CPU
		{93DC5FF2-A622-4D82-A5F0-7253F816BDB0}.Release|x64.ActiveCfg = Release|Any CPU
		{93DC5FF2-A622-4D82-A5F0-7253F816BDB0}.Release|x64.Build.0 = Release|Any CPU
		{93DC5FF2-A622-4D82-A5F0-7253F816BDB0}.Release|x86.ActiveCfg = Release|Any CPU
		{93DC5FF2-A622-4D82-A5F0-7253F816BDB0}.Release|x86.Build.0 = Release|Any CPU
		{D1FA11DA-4ABA-4D27-B9C2-C60E205B3308}.Debug|Any CPU.ActiveCfg = Debug|Any CPU
		{D1FA11DA-4ABA-4D27-B9C2-C60E205B3308}.Debug|Any CPU.Build.0 = Debug|Any CPU
		{D1FA11DA-4ABA-4D27-B9C2-C60E205B3308}.Debug|x64.ActiveCfg = Debug|Any CPU
		{D1FA11DA-4ABA-4D27-B9C2-C60E205B3308}.Debug|x64.Build.0 = Debug|Any CPU
		{D1FA11DA-4ABA-4D27-B9C2-C60E205B3308}.Debug|x86.ActiveCfg = Debug|Any CPU
		{D1FA11DA-4ABA-4D27-B9C2-C60E205B3308}.Debug|x86.Build.0 = Debug|Any CPU
		{D1FA11DA-4ABA-4D27-B9C2-C60E205B3308}.Release|Any CPU.ActiveCfg = Release|Any CPU
		{D1FA11DA-4ABA-4D27-B9C2-C60E205B3308}.Release|Any CPU.Build.0 = Release|Any CPU
		{D1FA11DA-4ABA-4D27-B9C2-C60E205B3308}.Release|x64.ActiveCfg = Release|Any CPU
		{D1FA11DA-4ABA-4D27-B9C2-C60E205B3308}.Release|x64.Build.0 = Release|Any CPU
		{D1FA11DA-4ABA-4D27-B9C2-C60E205B3308}.Release|x86.ActiveCfg = Release|Any CPU
		{D1FA11DA-4ABA-4D27-B9C2-C60E205B3308}.Release|x86.Build.0 = Release|Any CPU
		{D0D3F08A-EC4C-438D-BBAD-FF72DDACA95D}.Debug|Any CPU.ActiveCfg = Debug|Any CPU
		{D0D3F08A-EC4C-438D-BBAD-FF72DDACA95D}.Debug|Any CPU.Build.0 = Debug|Any CPU
		{D0D3F08A-EC4C-438D-BBAD-FF72DDACA95D}.Debug|x64.ActiveCfg = Debug|Any CPU
		{D0D3F08A-EC4C-438D-BBAD-FF72DDACA95D}.Debug|x64.Build.0 = Debug|Any CPU
		{D0D3F08A-EC4C-438D-BBAD-FF72DDACA95D}.Debug|x86.ActiveCfg = Debug|Any CPU
		{D0D3F08A-EC4C-438D-BBAD-FF72DDACA95D}.Debug|x86.Build.0 = Debug|Any CPU
		{D0D3F08A-EC4C-438D-BBAD-FF72DDACA95D}.Release|Any CPU.ActiveCfg = Release|Any CPU
		{D0D3F08A-EC4C-438D-BBAD-FF72DDACA95D}.Release|Any CPU.Build.0 = Release|Any CPU
		{D0D3F08A-EC4C-438D-BBAD-FF72DDACA95D}.Release|x64.ActiveCfg = Release|Any CPU
		{D0D3F08A-EC4C-438D-BBAD-FF72DDACA95D}.Release|x64.Build.0 = Release|Any CPU
		{D0D3F08A-EC4C-438D-BBAD-FF72DDACA95D}.Release|x86.ActiveCfg = Release|Any CPU
		{D0D3F08A-EC4C-438D-BBAD-FF72DDACA95D}.Release|x86.Build.0 = Release|Any CPU
		{C91C3D75-AC97-44CA-8734-99F85D01CDB7}.Debug|Any CPU.ActiveCfg = Debug|Any CPU
		{C91C3D75-AC97-44CA-8734-99F85D01CDB7}.Debug|Any CPU.Build.0 = Debug|Any CPU
		{C91C3D75-AC97-44CA-8734-99F85D01CDB7}.Debug|x64.ActiveCfg = Debug|Any CPU
		{C91C3D75-AC97-44CA-8734-99F85D01CDB7}.Debug|x64.Build.0 = Debug|Any CPU
		{C91C3D75-AC97-44CA-8734-99F85D01CDB7}.Debug|x86.ActiveCfg = Debug|Any CPU
		{C91C3D75-AC97-44CA-8734-99F85D01CDB7}.Debug|x86.Build.0 = Debug|Any CPU
		{C91C3D75-AC97-44CA-8734-99F85D01CDB7}.Release|Any CPU.ActiveCfg = Release|Any CPU
		{C91C3D75-AC97-44CA-8734-99F85D01CDB7}.Release|Any CPU.Build.0 = Release|Any CPU
		{C91C3D75-AC97-44CA-8734-99F85D01CDB7}.Release|x64.ActiveCfg = Release|Any CPU
		{C91C3D75-AC97-44CA-8734-99F85D01CDB7}.Release|x64.Build.0 = Release|Any CPU
		{C91C3D75-AC97-44CA-8734-99F85D01CDB7}.Release|x86.ActiveCfg = Release|Any CPU
		{C91C3D75-AC97-44CA-8734-99F85D01CDB7}.Release|x86.Build.0 = Release|Any CPU
		{46C59064-F81F-43B1-90A0-0504B9AD4350}.Debug|Any CPU.ActiveCfg = Debug|Any CPU
		{46C59064-F81F-43B1-90A0-0504B9AD4350}.Debug|Any CPU.Build.0 = Debug|Any CPU
		{46C59064-F81F-43B1-90A0-0504B9AD4350}.Debug|x64.ActiveCfg = Debug|Any CPU
		{46C59064-F81F-43B1-90A0-0504B9AD4350}.Debug|x64.Build.0 = Debug|Any CPU
		{46C59064-F81F-43B1-90A0-0504B9AD4350}.Debug|x86.ActiveCfg = Debug|Any CPU
		{46C59064-F81F-43B1-90A0-0504B9AD4350}.Debug|x86.Build.0 = Debug|Any CPU
		{46C59064-F81F-43B1-90A0-0504B9AD4350}.Release|Any CPU.ActiveCfg = Release|Any CPU
		{46C59064-F81F-43B1-90A0-0504B9AD4350}.Release|Any CPU.Build.0 = Release|Any CPU
		{46C59064-F81F-43B1-90A0-0504B9AD4350}.Release|x64.ActiveCfg = Release|Any CPU
		{46C59064-F81F-43B1-90A0-0504B9AD4350}.Release|x64.Build.0 = Release|Any CPU
		{46C59064-F81F-43B1-90A0-0504B9AD4350}.Release|x86.ActiveCfg = Release|Any CPU
		{46C59064-F81F-43B1-90A0-0504B9AD4350}.Release|x86.Build.0 = Release|Any CPU
		{5CCAD3D0-0452-42BE-81BC-81FFA37EB2A7}.Debug|Any CPU.ActiveCfg = Debug|Any CPU
		{5CCAD3D0-0452-42BE-81BC-81FFA37EB2A7}.Debug|Any CPU.Build.0 = Debug|Any CPU
		{5CCAD3D0-0452-42BE-81BC-81FFA37EB2A7}.Debug|x64.ActiveCfg = Debug|Any CPU
		{5CCAD3D0-0452-42BE-81BC-81FFA37EB2A7}.Debug|x64.Build.0 = Debug|Any CPU
		{5CCAD3D0-0452-42BE-81BC-81FFA37EB2A7}.Debug|x86.ActiveCfg = Debug|Any CPU
		{5CCAD3D0-0452-42BE-81BC-81FFA37EB2A7}.Debug|x86.Build.0 = Debug|Any CPU
		{5CCAD3D0-0452-42BE-81BC-81FFA37EB2A7}.Release|Any CPU.ActiveCfg = Release|Any CPU
		{5CCAD3D0-0452-42BE-81BC-81FFA37EB2A7}.Release|Any CPU.Build.0 = Release|Any CPU
		{5CCAD3D0-0452-42BE-81BC-81FFA37EB2A7}.Release|x64.ActiveCfg = Release|Any CPU
		{5CCAD3D0-0452-42BE-81BC-81FFA37EB2A7}.Release|x64.Build.0 = Release|Any CPU
		{5CCAD3D0-0452-42BE-81BC-81FFA37EB2A7}.Release|x86.ActiveCfg = Release|Any CPU
		{5CCAD3D0-0452-42BE-81BC-81FFA37EB2A7}.Release|x86.Build.0 = Release|Any CPU
		{4BE1F148-4B4E-44BB-A97A-0EEC0537DBFF}.Debug|Any CPU.ActiveCfg = Debug|Any CPU
		{4BE1F148-4B4E-44BB-A97A-0EEC0537DBFF}.Debug|Any CPU.Build.0 = Debug|Any CPU
		{4BE1F148-4B4E-44BB-A97A-0EEC0537DBFF}.Debug|x64.ActiveCfg = Debug|Any CPU
		{4BE1F148-4B4E-44BB-A97A-0EEC0537DBFF}.Debug|x64.Build.0 = Debug|Any CPU
		{4BE1F148-4B4E-44BB-A97A-0EEC0537DBFF}.Debug|x86.ActiveCfg = Debug|Any CPU
		{4BE1F148-4B4E-44BB-A97A-0EEC0537DBFF}.Debug|x86.Build.0 = Debug|Any CPU
		{4BE1F148-4B4E-44BB-A97A-0EEC0537DBFF}.Release|Any CPU.ActiveCfg = Release|Any CPU
		{4BE1F148-4B4E-44BB-A97A-0EEC0537DBFF}.Release|Any CPU.Build.0 = Release|Any CPU
		{4BE1F148-4B4E-44BB-A97A-0EEC0537DBFF}.Release|x64.ActiveCfg = Release|Any CPU
		{4BE1F148-4B4E-44BB-A97A-0EEC0537DBFF}.Release|x64.Build.0 = Release|Any CPU
		{4BE1F148-4B4E-44BB-A97A-0EEC0537DBFF}.Release|x86.ActiveCfg = Release|Any CPU
		{4BE1F148-4B4E-44BB-A97A-0EEC0537DBFF}.Release|x86.Build.0 = Release|Any CPU
		{8D38F1C1-6FE3-45FF-81AB-60C1F7E855FF}.Debug|Any CPU.ActiveCfg = Debug|Any CPU
		{8D38F1C1-6FE3-45FF-81AB-60C1F7E855FF}.Debug|Any CPU.Build.0 = Debug|Any CPU
		{8D38F1C1-6FE3-45FF-81AB-60C1F7E855FF}.Debug|x64.ActiveCfg = Debug|Any CPU
		{8D38F1C1-6FE3-45FF-81AB-60C1F7E855FF}.Debug|x64.Build.0 = Debug|Any CPU
		{8D38F1C1-6FE3-45FF-81AB-60C1F7E855FF}.Debug|x86.ActiveCfg = Debug|Any CPU
		{8D38F1C1-6FE3-45FF-81AB-60C1F7E855FF}.Debug|x86.Build.0 = Debug|Any CPU
		{8D38F1C1-6FE3-45FF-81AB-60C1F7E855FF}.Release|Any CPU.ActiveCfg = Release|Any CPU
		{8D38F1C1-6FE3-45FF-81AB-60C1F7E855FF}.Release|Any CPU.Build.0 = Release|Any CPU
		{8D38F1C1-6FE3-45FF-81AB-60C1F7E855FF}.Release|x64.ActiveCfg = Release|Any CPU
		{8D38F1C1-6FE3-45FF-81AB-60C1F7E855FF}.Release|x64.Build.0 = Release|Any CPU
		{8D38F1C1-6FE3-45FF-81AB-60C1F7E855FF}.Release|x86.ActiveCfg = Release|Any CPU
		{8D38F1C1-6FE3-45FF-81AB-60C1F7E855FF}.Release|x86.Build.0 = Release|Any CPU
		{5D7845E6-A751-4313-A2BD-01FBEDDD57E9}.Debug|Any CPU.ActiveCfg = Debug|Any CPU
		{5D7845E6-A751-4313-A2BD-01FBEDDD57E9}.Debug|Any CPU.Build.0 = Debug|Any CPU
		{5D7845E6-A751-4313-A2BD-01FBEDDD57E9}.Debug|x64.ActiveCfg = Debug|Any CPU
		{5D7845E6-A751-4313-A2BD-01FBEDDD57E9}.Debug|x64.Build.0 = Debug|Any CPU
		{5D7845E6-A751-4313-A2BD-01FBEDDD57E9}.Debug|x86.ActiveCfg = Debug|Any CPU
		{5D7845E6-A751-4313-A2BD-01FBEDDD57E9}.Debug|x86.Build.0 = Debug|Any CPU
		{5D7845E6-A751-4313-A2BD-01FBEDDD57E9}.Release|Any CPU.ActiveCfg = Release|Any CPU
		{5D7845E6-A751-4313-A2BD-01FBEDDD57E9}.Release|Any CPU.Build.0 = Release|Any CPU
		{5D7845E6-A751-4313-A2BD-01FBEDDD57E9}.Release|x64.ActiveCfg = Release|Any CPU
		{5D7845E6-A751-4313-A2BD-01FBEDDD57E9}.Release|x64.Build.0 = Release|Any CPU
		{5D7845E6-A751-4313-A2BD-01FBEDDD57E9}.Release|x86.ActiveCfg = Release|Any CPU
		{5D7845E6-A751-4313-A2BD-01FBEDDD57E9}.Release|x86.Build.0 = Release|Any CPU
		{7B3FCA0B-D13E-4769-A158-5D44483B751F}.Debug|Any CPU.ActiveCfg = Debug|Any CPU
		{7B3FCA0B-D13E-4769-A158-5D44483B751F}.Debug|Any CPU.Build.0 = Debug|Any CPU
		{7B3FCA0B-D13E-4769-A158-5D44483B751F}.Debug|x64.ActiveCfg = Debug|Any CPU
		{7B3FCA0B-D13E-4769-A158-5D44483B751F}.Debug|x64.Build.0 = Debug|Any CPU
		{7B3FCA0B-D13E-4769-A158-5D44483B751F}.Debug|x86.ActiveCfg = Debug|Any CPU
		{7B3FCA0B-D13E-4769-A158-5D44483B751F}.Debug|x86.Build.0 = Debug|Any CPU
		{7B3FCA0B-D13E-4769-A158-5D44483B751F}.Release|Any CPU.ActiveCfg = Release|Any CPU
		{7B3FCA0B-D13E-4769-A158-5D44483B751F}.Release|Any CPU.Build.0 = Release|Any CPU
		{7B3FCA0B-D13E-4769-A158-5D44483B751F}.Release|x64.ActiveCfg = Release|Any CPU
		{7B3FCA0B-D13E-4769-A158-5D44483B751F}.Release|x64.Build.0 = Release|Any CPU
		{7B3FCA0B-D13E-4769-A158-5D44483B751F}.Release|x86.ActiveCfg = Release|Any CPU
		{7B3FCA0B-D13E-4769-A158-5D44483B751F}.Release|x86.Build.0 = Release|Any CPU
		{789AB6F9-3A4A-4DB8-8A73-AD9EF9A04B52}.Debug|Any CPU.ActiveCfg = Debug|Any CPU
		{789AB6F9-3A4A-4DB8-8A73-AD9EF9A04B52}.Debug|Any CPU.Build.0 = Debug|Any CPU
		{789AB6F9-3A4A-4DB8-8A73-AD9EF9A04B52}.Debug|x64.ActiveCfg = Debug|Any CPU
		{789AB6F9-3A4A-4DB8-8A73-AD9EF9A04B52}.Debug|x64.Build.0 = Debug|Any CPU
		{789AB6F9-3A4A-4DB8-8A73-AD9EF9A04B52}.Debug|x86.ActiveCfg = Debug|Any CPU
		{789AB6F9-3A4A-4DB8-8A73-AD9EF9A04B52}.Debug|x86.Build.0 = Debug|Any CPU
		{789AB6F9-3A4A-4DB8-8A73-AD9EF9A04B52}.Release|Any CPU.ActiveCfg = Release|Any CPU
		{789AB6F9-3A4A-4DB8-8A73-AD9EF9A04B52}.Release|Any CPU.Build.0 = Release|Any CPU
		{789AB6F9-3A4A-4DB8-8A73-AD9EF9A04B52}.Release|x64.ActiveCfg = Release|Any CPU
		{789AB6F9-3A4A-4DB8-8A73-AD9EF9A04B52}.Release|x64.Build.0 = Release|Any CPU
		{789AB6F9-3A4A-4DB8-8A73-AD9EF9A04B52}.Release|x86.ActiveCfg = Release|Any CPU
		{789AB6F9-3A4A-4DB8-8A73-AD9EF9A04B52}.Release|x86.Build.0 = Release|Any CPU
		{38F58218-DBC4-420C-AC00-105532508DAA}.Debug|Any CPU.ActiveCfg = Debug|Any CPU
		{38F58218-DBC4-420C-AC00-105532508DAA}.Debug|Any CPU.Build.0 = Debug|Any CPU
		{38F58218-DBC4-420C-AC00-105532508DAA}.Debug|x64.ActiveCfg = Debug|Any CPU
		{38F58218-DBC4-420C-AC00-105532508DAA}.Debug|x64.Build.0 = Debug|Any CPU
		{38F58218-DBC4-420C-AC00-105532508DAA}.Debug|x86.ActiveCfg = Debug|Any CPU
		{38F58218-DBC4-420C-AC00-105532508DAA}.Debug|x86.Build.0 = Debug|Any CPU
		{38F58218-DBC4-420C-AC00-105532508DAA}.Release|Any CPU.ActiveCfg = Release|Any CPU
		{38F58218-DBC4-420C-AC00-105532508DAA}.Release|Any CPU.Build.0 = Release|Any CPU
		{38F58218-DBC4-420C-AC00-105532508DAA}.Release|x64.ActiveCfg = Release|Any CPU
		{38F58218-DBC4-420C-AC00-105532508DAA}.Release|x64.Build.0 = Release|Any CPU
		{38F58218-DBC4-420C-AC00-105532508DAA}.Release|x86.ActiveCfg = Release|Any CPU
		{38F58218-DBC4-420C-AC00-105532508DAA}.Release|x86.Build.0 = Release|Any CPU
	EndGlobalSection
	GlobalSection(SolutionProperties) = preSolution
		HideSolutionNode = FALSE
	EndGlobalSection
EndGlobal
