
Microsoft Visual Studio Solution File, Format Version 12.00
# Visual Studio Version 17
VisualStudioVersion = 17.0.31903.59
MinimumVisualStudioVersion = 10.0.40219.1
Project("{FAE04EC0-301F-11D3-BF4B-00C04F79EFBC}") = "AdventureWorksLT2019.WebApi", "WebApi\AdventureWorksLT2019.WebApi.csproj", "{6C7A9B97-852F-4F4A-8575-0780CC4A8DAE}"
EndProject
Project("{FAE04EC0-301F-11D3-BF4B-00C04F79EFBC}") = "AdventureWorksLT2019.Blazor", "Blazor\AdventureWorksLT2019.Blazor.csproj", "{963506EA-33D8-49B4-A7F9-1F7034E09903}"
EndProject
Project("{FAE04EC0-301F-11D3-BF4B-00C04F79EFBC}") = "AdventureWorksLT2019.RazorPage", "RazorPage\AdventureWorksLT2019.RazorPage.csproj", "{503BB6C7-2666-4C3A-A079-6A55D0684F94}"
EndProject
Project("{FAE04EC0-301F-11D3-BF4B-00C04F79EFBC}") = "AdventureWorksLT2019.EFDbContext", "EFDbContext\AdventureWorksLT2019.EFDbContext.csproj", "{63E8892C-1F0E-463F-920A-F80C70569BD1}"
EndProject
Project("{FAE04EC0-301F-11D3-BF4B-00C04F79EFBC}") = "AdventureWorksLT2019.MSSqlRepositories", "MSSqlRepositories\AdventureWorksLT2019.MSSqlRepositories.csproj", "{F97ADAFB-0055-4EE2-A0EE-A721226AA312}"
EndProject
Project("{FAE04EC0-301F-11D3-BF4B-00C04F79EFBC}") = "AdventureWorksLT2019.RepositoriesInterfaces", "RepositoriesInterfaces\AdventureWorksLT2019.RepositoriesInterfaces.csproj", "{66713E5C-B0D9-4556-9915-C16F3F318E68}"
EndProject
Project("{FAE04EC0-301F-11D3-BF4B-00C04F79EFBC}") = "AdventureWorksLT2019.Services", "Services\AdventureWorksLT2019.Services.csproj", "{83A78A51-9FBC-4B05-A148-818F7A1D3E6C}"
EndProject
Project("{FAE04EC0-301F-11D3-BF4B-00C04F79EFBC}") = "AdventureWorksLT2019.ServiceInterfaces", "ServiceInterfaces\AdventureWorksLT2019.ServiceInterfaces.csproj", "{BEA394A6-DEEC-4A1F-BD9C-D0DB7AE30345}"
EndProject
Project("{FAE04EC0-301F-11D3-BF4B-00C04F79EFBC}") = "AdventureWorksLT2019.Models", "Models\AdventureWorksLT2019.Models.csproj", "{31A8A0B6-F49A-41B2-9983-048305BBE31A}"
EndProject
Project("{FAE04EC0-301F-11D3-BF4B-00C04F79EFBC}") = "AdventureWorksLT2019.Utilities", "Utilities\AdventureWorksLT2019.Utilities.csproj", "{4CB36280-703B-465F-AA3F-80878D1D85B2}"
EndProject
Project("{FAE04EC0-301F-11D3-BF4B-00C04F79EFBC}") = "AdventureWorksLT2019.Shared", "Shared\AdventureWorksLT2019.Shared.csproj", "{197EAC42-51FD-4F9C-B4E5-04C2607C6A44}"
EndProject
Project("{FAE04EC0-301F-11D3-BF4B-00C04F79EFBC}") = "AdventureWorksLT2019.HttpTriggerFunctions", "HttpTriggerFunctions\AdventureWorksLT2019.HttpTriggerFunctions.csproj", "{DFC5A5BA-C35E-4D33-A762-ACEC7D88168C}"
EndProject
Project("{FAE04EC0-301F-11D3-BF4B-00C04F79EFBC}") = "AdventureWorksLT2019.TimerTriggerFunctions", "TimerTriggerFunctions\AdventureWorksLT2019.TimerTriggerFunctions.csproj", "{6210BB6E-67E6-49D4-9E4C-DC0C2D2C6EC6}"
EndProject
Global
	GlobalSection(SolutionConfigurationPlatforms) = preSolution
		Debug|Any CPU = Debug|Any CPU
		Debug|x64 = Debug|x64
		Debug|x86 = Debug|x86
		Release|Any CPU = Release|Any CPU
		Release|x64 = Release|x64
		Release|x86 = Release|x86
	EndGlobalSection
	GlobalSection(ProjectConfigurationPlatforms) = postSolution
		{6C7A9B97-852F-4F4A-8575-0780CC4A8DAE}.Debug|Any CPU.ActiveCfg = Debug|Any CPU
		{6C7A9B97-852F-4F4A-8575-0780CC4A8DAE}.Debug|Any CPU.Build.0 = Debug|Any CPU
		{6C7A9B97-852F-4F4A-8575-0780CC4A8DAE}.Debug|x64.ActiveCfg = Debug|Any CPU
		{6C7A9B97-852F-4F4A-8575-0780CC4A8DAE}.Debug|x64.Build.0 = Debug|Any CPU
		{6C7A9B97-852F-4F4A-8575-0780CC4A8DAE}.Debug|x86.ActiveCfg = Debug|Any CPU
		{6C7A9B97-852F-4F4A-8575-0780CC4A8DAE}.Debug|x86.Build.0 = Debug|Any CPU
		{6C7A9B97-852F-4F4A-8575-0780CC4A8DAE}.Release|Any CPU.ActiveCfg = Release|Any CPU
		{6C7A9B97-852F-4F4A-8575-0780CC4A8DAE}.Release|Any CPU.Build.0 = Release|Any CPU
		{6C7A9B97-852F-4F4A-8575-0780CC4A8DAE}.Release|x64.ActiveCfg = Release|Any CPU
		{6C7A9B97-852F-4F4A-8575-0780CC4A8DAE}.Release|x64.Build.0 = Release|Any CPU
		{6C7A9B97-852F-4F4A-8575-0780CC4A8DAE}.Release|x86.ActiveCfg = Release|Any CPU
		{6C7A9B97-852F-4F4A-8575-0780CC4A8DAE}.Release|x86.Build.0 = Release|Any CPU
		{963506EA-33D8-49B4-A7F9-1F7034E09903}.Debug|Any CPU.ActiveCfg = Debug|Any CPU
		{963506EA-33D8-49B4-A7F9-1F7034E09903}.Debug|Any CPU.Build.0 = Debug|Any CPU
		{963506EA-33D8-49B4-A7F9-1F7034E09903}.Debug|x64.ActiveCfg = Debug|Any CPU
		{963506EA-33D8-49B4-A7F9-1F7034E09903}.Debug|x64.Build.0 = Debug|Any CPU
		{963506EA-33D8-49B4-A7F9-1F7034E09903}.Debug|x86.ActiveCfg = Debug|Any CPU
		{963506EA-33D8-49B4-A7F9-1F7034E09903}.Debug|x86.Build.0 = Debug|Any CPU
		{963506EA-33D8-49B4-A7F9-1F7034E09903}.Release|Any CPU.ActiveCfg = Release|Any CPU
		{963506EA-33D8-49B4-A7F9-1F7034E09903}.Release|Any CPU.Build.0 = Release|Any CPU
		{963506EA-33D8-49B4-A7F9-1F7034E09903}.Release|x64.ActiveCfg = Release|Any CPU
		{963506EA-33D8-49B4-A7F9-1F7034E09903}.Release|x64.Build.0 = Release|Any CPU
		{963506EA-33D8-49B4-A7F9-1F7034E09903}.Release|x86.ActiveCfg = Release|Any CPU
		{963506EA-33D8-49B4-A7F9-1F7034E09903}.Release|x86.Build.0 = Release|Any CPU
		{503BB6C7-2666-4C3A-A079-6A55D0684F94}.Debug|Any CPU.ActiveCfg = Debug|Any CPU
		{503BB6C7-2666-4C3A-A079-6A55D0684F94}.Debug|Any CPU.Build.0 = Debug|Any CPU
		{503BB6C7-2666-4C3A-A079-6A55D0684F94}.Debug|x64.ActiveCfg = Debug|Any CPU
		{503BB6C7-2666-4C3A-A079-6A55D0684F94}.Debug|x64.Build.0 = Debug|Any CPU
		{503BB6C7-2666-4C3A-A079-6A55D0684F94}.Debug|x86.ActiveCfg = Debug|Any CPU
		{503BB6C7-2666-4C3A-A079-6A55D0684F94}.Debug|x86.Build.0 = Debug|Any CPU
		{503BB6C7-2666-4C3A-A079-6A55D0684F94}.Release|Any CPU.ActiveCfg = Release|Any CPU
		{503BB6C7-2666-4C3A-A079-6A55D0684F94}.Release|Any CPU.Build.0 = Release|Any CPU
		{503BB6C7-2666-4C3A-A079-6A55D0684F94}.Release|x64.ActiveCfg = Release|Any CPU
		{503BB6C7-2666-4C3A-A079-6A55D0684F94}.Release|x64.Build.0 = Release|Any CPU
		{503BB6C7-2666-4C3A-A079-6A55D0684F94}.Release|x86.ActiveCfg = Release|Any CPU
		{503BB6C7-2666-4C3A-A079-6A55D0684F94}.Release|x86.Build.0 = Release|Any CPU
		{63E8892C-1F0E-463F-920A-F80C70569BD1}.Debug|Any CPU.ActiveCfg = Debug|Any CPU
		{63E8892C-1F0E-463F-920A-F80C70569BD1}.Debug|Any CPU.Build.0 = Debug|Any CPU
		{63E8892C-1F0E-463F-920A-F80C70569BD1}.Debug|x64.ActiveCfg = Debug|Any CPU
		{63E8892C-1F0E-463F-920A-F80C70569BD1}.Debug|x64.Build.0 = Debug|Any CPU
		{63E8892C-1F0E-463F-920A-F80C70569BD1}.Debug|x86.ActiveCfg = Debug|Any CPU
		{63E8892C-1F0E-463F-920A-F80C70569BD1}.Debug|x86.Build.0 = Debug|Any CPU
		{63E8892C-1F0E-463F-920A-F80C70569BD1}.Release|Any CPU.ActiveCfg = Release|Any CPU
		{63E8892C-1F0E-463F-920A-F80C70569BD1}.Release|Any CPU.Build.0 = Release|Any CPU
		{63E8892C-1F0E-463F-920A-F80C70569BD1}.Release|x64.ActiveCfg = Release|Any CPU
		{63E8892C-1F0E-463F-920A-F80C70569BD1}.Release|x64.Build.0 = Release|Any CPU
		{63E8892C-1F0E-463F-920A-F80C70569BD1}.Release|x86.ActiveCfg = Release|Any CPU
		{63E8892C-1F0E-463F-920A-F80C70569BD1}.Release|x86.Build.0 = Release|Any CPU
		{F97ADAFB-0055-4EE2-A0EE-A721226AA312}.Debug|Any CPU.ActiveCfg = Debug|Any CPU
		{F97ADAFB-0055-4EE2-A0EE-A721226AA312}.Debug|Any CPU.Build.0 = Debug|Any CPU
		{F97ADAFB-0055-4EE2-A0EE-A721226AA312}.Debug|x64.ActiveCfg = Debug|Any CPU
		{F97ADAFB-0055-4EE2-A0EE-A721226AA312}.Debug|x64.Build.0 = Debug|Any CPU
		{F97ADAFB-0055-4EE2-A0EE-A721226AA312}.Debug|x86.ActiveCfg = Debug|Any CPU
		{F97ADAFB-0055-4EE2-A0EE-A721226AA312}.Debug|x86.Build.0 = Debug|Any CPU
		{F97ADAFB-0055-4EE2-A0EE-A721226AA312}.Release|Any CPU.ActiveCfg = Release|Any CPU
		{F97ADAFB-0055-4EE2-A0EE-A721226AA312}.Release|Any CPU.Build.0 = Release|Any CPU
		{F97ADAFB-0055-4EE2-A0EE-A721226AA312}.Release|x64.ActiveCfg = Release|Any CPU
		{F97ADAFB-0055-4EE2-A0EE-A721226AA312}.Release|x64.Build.0 = Release|Any CPU
		{F97ADAFB-0055-4EE2-A0EE-A721226AA312}.Release|x86.ActiveCfg = Release|Any CPU
		{F97ADAFB-0055-4EE2-A0EE-A721226AA312}.Release|x86.Build.0 = Release|Any CPU
		{66713E5C-B0D9-4556-9915-C16F3F318E68}.Debug|Any CPU.ActiveCfg = Debug|Any CPU
		{66713E5C-B0D9-4556-9915-C16F3F318E68}.Debug|Any CPU.Build.0 = Debug|Any CPU
		{66713E5C-B0D9-4556-9915-C16F3F318E68}.Debug|x64.ActiveCfg = Debug|Any CPU
		{66713E5C-B0D9-4556-9915-C16F3F318E68}.Debug|x64.Build.0 = Debug|Any CPU
		{66713E5C-B0D9-4556-9915-C16F3F318E68}.Debug|x86.ActiveCfg = Debug|Any CPU
		{66713E5C-B0D9-4556-9915-C16F3F318E68}.Debug|x86.Build.0 = Debug|Any CPU
		{66713E5C-B0D9-4556-9915-C16F3F318E68}.Release|Any CPU.ActiveCfg = Release|Any CPU
		{66713E5C-B0D9-4556-9915-C16F3F318E68}.Release|Any CPU.Build.0 = Release|Any CPU
		{66713E5C-B0D9-4556-9915-C16F3F318E68}.Release|x64.ActiveCfg = Release|Any CPU
		{66713E5C-B0D9-4556-9915-C16F3F318E68}.Release|x64.Build.0 = Release|Any CPU
		{66713E5C-B0D9-4556-9915-C16F3F318E68}.Release|x86.ActiveCfg = Release|Any CPU
		{66713E5C-B0D9-4556-9915-C16F3F318E68}.Release|x86.Build.0 = Release|Any CPU
		{83A78A51-9FBC-4B05-A148-818F7A1D3E6C}.Debug|Any CPU.ActiveCfg = Debug|Any CPU
		{83A78A51-9FBC-4B05-A148-818F7A1D3E6C}.Debug|Any CPU.Build.0 = Debug|Any CPU
		{83A78A51-9FBC-4B05-A148-818F7A1D3E6C}.Debug|x64.ActiveCfg = Debug|Any CPU
		{83A78A51-9FBC-4B05-A148-818F7A1D3E6C}.Debug|x64.Build.0 = Debug|Any CPU
		{83A78A51-9FBC-4B05-A148-818F7A1D3E6C}.Debug|x86.ActiveCfg = Debug|Any CPU
		{83A78A51-9FBC-4B05-A148-818F7A1D3E6C}.Debug|x86.Build.0 = Debug|Any CPU
		{83A78A51-9FBC-4B05-A148-818F7A1D3E6C}.Release|Any CPU.ActiveCfg = Release|Any CPU
		{83A78A51-9FBC-4B05-A148-818F7A1D3E6C}.Release|Any CPU.Build.0 = Release|Any CPU
		{83A78A51-9FBC-4B05-A148-818F7A1D3E6C}.Release|x64.ActiveCfg = Release|Any CPU
		{83A78A51-9FBC-4B05-A148-818F7A1D3E6C}.Release|x64.Build.0 = Release|Any CPU
		{83A78A51-9FBC-4B05-A148-818F7A1D3E6C}.Release|x86.ActiveCfg = Release|Any CPU
		{83A78A51-9FBC-4B05-A148-818F7A1D3E6C}.Release|x86.Build.0 = Release|Any CPU
		{BEA394A6-DEEC-4A1F-BD9C-D0DB7AE30345}.Debug|Any CPU.ActiveCfg = Debug|Any CPU
		{BEA394A6-DEEC-4A1F-BD9C-D0DB7AE30345}.Debug|Any CPU.Build.0 = Debug|Any CPU
		{BEA394A6-DEEC-4A1F-BD9C-D0DB7AE30345}.Debug|x64.ActiveCfg = Debug|Any CPU
		{BEA394A6-DEEC-4A1F-BD9C-D0DB7AE30345}.Debug|x64.Build.0 = Debug|Any CPU
		{BEA394A6-DEEC-4A1F-BD9C-D0DB7AE30345}.Debug|x86.ActiveCfg = Debug|Any CPU
		{BEA394A6-DEEC-4A1F-BD9C-D0DB7AE30345}.Debug|x86.Build.0 = Debug|Any CPU
		{BEA394A6-DEEC-4A1F-BD9C-D0DB7AE30345}.Release|Any CPU.ActiveCfg = Release|Any CPU
		{BEA394A6-DEEC-4A1F-BD9C-D0DB7AE30345}.Release|Any CPU.Build.0 = Release|Any CPU
		{BEA394A6-DEEC-4A1F-BD9C-D0DB7AE30345}.Release|x64.ActiveCfg = Release|Any CPU
		{BEA394A6-DEEC-4A1F-BD9C-D0DB7AE30345}.Release|x64.Build.0 = Release|Any CPU
		{BEA394A6-DEEC-4A1F-BD9C-D0DB7AE30345}.Release|x86.ActiveCfg = Release|Any CPU
		{BEA394A6-DEEC-4A1F-BD9C-D0DB7AE30345}.Release|x86.Build.0 = Release|Any CPU
		{31A8A0B6-F49A-41B2-9983-048305BBE31A}.Debug|Any CPU.ActiveCfg = Debug|Any CPU
		{31A8A0B6-F49A-41B2-9983-048305BBE31A}.Debug|Any CPU.Build.0 = Debug|Any CPU
		{31A8A0B6-F49A-41B2-9983-048305BBE31A}.Debug|x64.ActiveCfg = Debug|Any CPU
		{31A8A0B6-F49A-41B2-9983-048305BBE31A}.Debug|x64.Build.0 = Debug|Any CPU
		{31A8A0B6-F49A-41B2-9983-048305BBE31A}.Debug|x86.ActiveCfg = Debug|Any CPU
		{31A8A0B6-F49A-41B2-9983-048305BBE31A}.Debug|x86.Build.0 = Debug|Any CPU
		{31A8A0B6-F49A-41B2-9983-048305BBE31A}.Release|Any CPU.ActiveCfg = Release|Any CPU
		{31A8A0B6-F49A-41B2-9983-048305BBE31A}.Release|Any CPU.Build.0 = Release|Any CPU
		{31A8A0B6-F49A-41B2-9983-048305BBE31A}.Release|x64.ActiveCfg = Release|Any CPU
		{31A8A0B6-F49A-41B2-9983-048305BBE31A}.Release|x64.Build.0 = Release|Any CPU
		{31A8A0B6-F49A-41B2-9983-048305BBE31A}.Release|x86.ActiveCfg = Release|Any CPU
		{31A8A0B6-F49A-41B2-9983-048305BBE31A}.Release|x86.Build.0 = Release|Any CPU
		{4CB36280-703B-465F-AA3F-80878D1D85B2}.Debug|Any CPU.ActiveCfg = Debug|Any CPU
		{4CB36280-703B-465F-AA3F-80878D1D85B2}.Debug|Any CPU.Build.0 = Debug|Any CPU
		{4CB36280-703B-465F-AA3F-80878D1D85B2}.Debug|x64.ActiveCfg = Debug|Any CPU
		{4CB36280-703B-465F-AA3F-80878D1D85B2}.Debug|x64.Build.0 = Debug|Any CPU
		{4CB36280-703B-465F-AA3F-80878D1D85B2}.Debug|x86.ActiveCfg = Debug|Any CPU
		{4CB36280-703B-465F-AA3F-80878D1D85B2}.Debug|x86.Build.0 = Debug|Any CPU
		{4CB36280-703B-465F-AA3F-80878D1D85B2}.Release|Any CPU.ActiveCfg = Release|Any CPU
		{4CB36280-703B-465F-AA3F-80878D1D85B2}.Release|Any CPU.Build.0 = Release|Any CPU
		{4CB36280-703B-465F-AA3F-80878D1D85B2}.Release|x64.ActiveCfg = Release|Any CPU
		{4CB36280-703B-465F-AA3F-80878D1D85B2}.Release|x64.Build.0 = Release|Any CPU
		{4CB36280-703B-465F-AA3F-80878D1D85B2}.Release|x86.ActiveCfg = Release|Any CPU
		{4CB36280-703B-465F-AA3F-80878D1D85B2}.Release|x86.Build.0 = Release|Any CPU
		{197EAC42-51FD-4F9C-B4E5-04C2607C6A44}.Debug|Any CPU.ActiveCfg = Debug|Any CPU
		{197EAC42-51FD-4F9C-B4E5-04C2607C6A44}.Debug|Any CPU.Build.0 = Debug|Any CPU
		{197EAC42-51FD-4F9C-B4E5-04C2607C6A44}.Debug|x64.ActiveCfg = Debug|Any CPU
		{197EAC42-51FD-4F9C-B4E5-04C2607C6A44}.Debug|x64.Build.0 = Debug|Any CPU
		{197EAC42-51FD-4F9C-B4E5-04C2607C6A44}.Debug|x86.ActiveCfg = Debug|Any CPU
		{197EAC42-51FD-4F9C-B4E5-04C2607C6A44}.Debug|x86.Build.0 = Debug|Any CPU
		{197EAC42-51FD-4F9C-B4E5-04C2607C6A44}.Release|Any CPU.ActiveCfg = Release|Any CPU
		{197EAC42-51FD-4F9C-B4E5-04C2607C6A44}.Release|Any CPU.Build.0 = Release|Any CPU
		{197EAC42-51FD-4F9C-B4E5-04C2607C6A44}.Release|x64.ActiveCfg = Release|Any CPU
		{197EAC42-51FD-4F9C-B4E5-04C2607C6A44}.Release|x64.Build.0 = Release|Any CPU
		{197EAC42-51FD-4F9C-B4E5-04C2607C6A44}.Release|x86.ActiveCfg = Release|Any CPU
		{197EAC42-51FD-4F9C-B4E5-04C2607C6A44}.Release|x86.Build.0 = Release|Any CPU
		{DFC5A5BA-C35E-4D33-A762-ACEC7D88168C}.Debug|Any CPU.ActiveCfg = Debug|Any CPU
		{DFC5A5BA-C35E-4D33-A762-ACEC7D88168C}.Debug|Any CPU.Build.0 = Debug|Any CPU
		{DFC5A5BA-C35E-4D33-A762-ACEC7D88168C}.Debug|x64.ActiveCfg = Debug|Any CPU
		{DFC5A5BA-C35E-4D33-A762-ACEC7D88168C}.Debug|x64.Build.0 = Debug|Any CPU
		{DFC5A5BA-C35E-4D33-A762-ACEC7D88168C}.Debug|x86.ActiveCfg = Debug|Any CPU
		{DFC5A5BA-C35E-4D33-A762-ACEC7D88168C}.Debug|x86.Build.0 = Debug|Any CPU
		{DFC5A5BA-C35E-4D33-A762-ACEC7D88168C}.Release|Any CPU.ActiveCfg = Release|Any CPU
		{DFC5A5BA-C35E-4D33-A762-ACEC7D88168C}.Release|Any CPU.Build.0 = Release|Any CPU
		{DFC5A5BA-C35E-4D33-A762-ACEC7D88168C}.Release|x64.ActiveCfg = Release|Any CPU
		{DFC5A5BA-C35E-4D33-A762-ACEC7D88168C}.Release|x64.Build.0 = Release|Any CPU
		{DFC5A5BA-C35E-4D33-A762-ACEC7D88168C}.Release|x86.ActiveCfg = Release|Any CPU
		{DFC5A5BA-C35E-4D33-A762-ACEC7D88168C}.Release|x86.Build.0 = Release|Any CPU
		{6210BB6E-67E6-49D4-9E4C-DC0C2D2C6EC6}.Debug|Any CPU.ActiveCfg = Debug|Any CPU
		{6210BB6E-67E6-49D4-9E4C-DC0C2D2C6EC6}.Debug|Any CPU.Build.0 = Debug|Any CPU
		{6210BB6E-67E6-49D4-9E4C-DC0C2D2C6EC6}.Debug|x64.ActiveCfg = Debug|Any CPU
		{6210BB6E-67E6-49D4-9E4C-DC0C2D2C6EC6}.Debug|x64.Build.0 = Debug|Any CPU
		{6210BB6E-67E6-49D4-9E4C-DC0C2D2C6EC6}.Debug|x86.ActiveCfg = Debug|Any CPU
		{6210BB6E-67E6-49D4-9E4C-DC0C2D2C6EC6}.Debug|x86.Build.0 = Debug|Any CPU
		{6210BB6E-67E6-49D4-9E4C-DC0C2D2C6EC6}.Release|Any CPU.ActiveCfg = Release|Any CPU
		{6210BB6E-67E6-49D4-9E4C-DC0C2D2C6EC6}.Release|Any CPU.Build.0 = Release|Any CPU
		{6210BB6E-67E6-49D4-9E4C-DC0C2D2C6EC6}.Release|x64.ActiveCfg = Release|Any CPU
		{6210BB6E-67E6-49D4-9E4C-DC0C2D2C6EC6}.Release|x64.Build.0 = Release|Any CPU
		{6210BB6E-67E6-49D4-9E4C-DC0C2D2C6EC6}.Release|x86.ActiveCfg = Release|Any CPU
		{6210BB6E-67E6-49D4-9E4C-DC0C2D2C6EC6}.Release|x86.Build.0 = Release|Any CPU
	EndGlobalSection
	GlobalSection(SolutionProperties) = preSolution
		HideSolutionNode = FALSE
	EndGlobalSection
EndGlobal
